{
  "version": 4,
  "terraform_version": "1.16.4",
  "serial": 15,
  "lineage": "0b69cc44-25ec-168b-d8fe-36e4aa51a432",
  "outputs": {},
  "resources": [
    {
      "mode": "data",
      "type": "template_file",
      "name": "cp01_userdata",
      "provider": "provider[\"registry.terraform.io/hashicorp/template\"]",
      "instances": [
        {
          "schema_version": 0,
          "attributes": {
            "filename": null,
            "id": "9fde02047562f0df10af946b4e91487d802af24470c9dcc9c28216d129af3803",
            "rendered": "#cloud-config\n\nhostname: cp01\n\nusers:\n  - name: ubuntu\n    groups: sudo\n    sudo: ALL=(ALL) NOPASSWD:ALL\n    shell: /bin/bash\n\n    ssh_authorized_keys:\n      - ssh-ed25519 AAAAC3NzaC1lZDI1NTE5AAAAIHLxV5XUQ0u6wF8DR6KE7KaKBnylO28lZDZ5KjT6lD1/ root@kvmhost.lab.example.com\n\n\npackage_update: true\n\npackages:\n  - qemu-guest-agent\n  - curl\n  - wget\n  - vim\n\nruncmd:\n  - systemctl enable qemu-guest-agent\n  - systemctl start qemu-guest-agent\n\n",
            "template": "#cloud-config\n\nhostname: ${hostname}\n\nusers:\n  - name: ubuntu\n    groups: sudo\n    sudo: ALL=(ALL) NOPASSWD:ALL\n    shell: /bin/bash\n\n    ssh_authorized_keys:\n      - ${ssh_key}\n\npackage_update: true\n\npackages:\n  - qemu-guest-agent\n  - curl\n  - wget\n  - vim\n\nruncmd:\n  - systemctl enable qemu-guest-agent\n  - systemctl start qemu-guest-agent\n\n",
            "vars": {
              "hostname": "cp01",
              "ssh_key": "ssh-ed25519 AAAAC3NzaC1lZDI1NTE5AAAAIHLxV5XUQ0u6wF8DR6KE7KaKBnylO28lZDZ5KjT6lD1/ root@kvmhost.lab.example.com\n"
            }
          },
          "sensitive_attributes": [],
          "identity_schema_version": 0
        }
      ]
    },
    {
      "mode": "data",
      "type": "template_file",
      "name": "worker01_userdata",
      "provider": "provider[\"registry.terraform.io/hashicorp/template\"]",
      "instances": [
        {
          "schema_version": 0,
          "attributes": {
            "filename": null,
            "id": "88fb5c39367145893c34fcfa1be841e4658598166e97a5a93664f90565d3d220",
            "rendered": "#cloud-config\n\nhostname: worker01\n\nusers:\n  - name: ubuntu\n    groups: sudo\n    sudo: ALL=(ALL) NOPASSWD:ALL\n    shell: /bin/bash\n\n    ssh_authorized_keys:\n      - ssh-ed25519 AAAAC3NzaC1lZDI1NTE5AAAAIHLxV5XUQ0u6wF8DR6KE7KaKBnylO28lZDZ5KjT6lD1/ root@kvmhost.lab.example.com\n\n\npackage_update: true\n\npackages:\n  - qemu-guest-agent\n  - curl\n  - wget\n  - vim\n\nruncmd:\n  - systemctl enable qemu-guest-agent\n  - systemctl start qemu-guest-agent\n\n",
            "template": "#cloud-config\n\nhostname: ${hostname}\n\nusers:\n  - name: ubuntu\n    groups: sudo\n    sudo: ALL=(ALL) NOPASSWD:ALL\n    shell: /bin/bash\n\n    ssh_authorized_keys:\n      - ${ssh_key}\n\npackage_update: true\n\npackages:\n  - qemu-guest-agent\n  - curl\n  - wget\n  - vim\n\nruncmd:\n  - systemctl enable qemu-guest-agent\n  - systemctl start qemu-guest-agent\n\n",
            "vars": {
              "hostname": "worker01",
              "ssh_key": "ssh-ed25519 AAAAC3NzaC1lZDI1NTE5AAAAIHLxV5XUQ0u6wF8DR6KE7KaKBnylO28lZDZ5KjT6lD1/ root@kvmhost.lab.example.com\n"
            }
          },
          "sensitive_attributes": [],
          "identity_schema_version": 0
        }
      ]
    },
    {
      "mode": "data",
      "type": "template_file",
      "name": "worker02_userdata",
      "provider": "provider[\"registry.terraform.io/hashicorp/template\"]",
      "instances": [
        {
          "schema_version": 0,
          "attributes": {
            "filename": null,
            "id": "f4ea633f13e42e61d08a1b448e011c60d4e8e8fce1a33717aedb093b05b1082e",
            "rendered": "#cloud-config\n\nhostname: worker02\n\nusers:\n  - name: ubuntu\n    groups: sudo\n    sudo: ALL=(ALL) NOPASSWD:ALL\n    shell: /bin/bash\n\n    ssh_authorized_keys:\n      - ssh-ed25519 AAAAC3NzaC1lZDI1NTE5AAAAIHLxV5XUQ0u6wF8DR6KE7KaKBnylO28lZDZ5KjT6lD1/ root@kvmhost.lab.example.com\n\n\npackage_update: true\n\npackages:\n  - qemu-guest-agent\n  - curl\n  - wget\n  - vim\n\nruncmd:\n  - systemctl enable qemu-guest-agent\n  - systemctl start qemu-guest-agent\n\n",
            "template": "#cloud-config\n\nhostname: ${hostname}\n\nusers:\n  - name: ubuntu\n    groups: sudo\n    sudo: ALL=(ALL) NOPASSWD:ALL\n    shell: /bin/bash\n\n    ssh_authorized_keys:\n      - ${ssh_key}\n\npackage_update: true\n\npackages:\n  - qemu-guest-agent\n  - curl\n  - wget\n  - vim\n\nruncmd:\n  - systemctl enable qemu-guest-agent\n  - systemctl start qemu-guest-agent\n\n",
            "vars": {
              "hostname": "worker02",
              "ssh_key": "ssh-ed25519 AAAAC3NzaC1lZDI1NTE5AAAAIHLxV5XUQ0u6wF8DR6KE7KaKBnylO28lZDZ5KjT6lD1/ root@kvmhost.lab.example.com\n"
            }
          },
          "sensitive_attributes": [],
          "identity_schema_version": 0
        }
      ]
    },
    {
      "mode": "managed",
      "type": "libvirt_cloudinit_disk",
      "name": "cp01_init",
      "provider": "provider[\"registry.terraform.io/dmacvicar/libvirt\"]",
      "instances": [
        {
          "schema_version": 0,
          "attributes": {
            "id": "/kvm-storage/images/cp01-cloudinit.iso;287d3d90-2fb1-4d80-b567-495440b56e49",
            "meta_data": "",
            "name": "cp01-cloudinit.iso",
            "network_config": "",
            "pool": "default",
            "user_data": "#cloud-config\n\nhostname: cp01\n\nusers:\n  - name: ubuntu\n    groups: sudo\n    sudo: ALL=(ALL) NOPASSWD:ALL\n    shell: /bin/bash\n\n    ssh_authorized_keys:\n      - ssh-ed25519 AAAAC3NzaC1lZDI1NTE5AAAAIHLxV5XUQ0u6wF8DR6KE7KaKBnylO28lZDZ5KjT6lD1/ root@kvmhost.lab.example.com\n\n\npackage_update: true\n\npackages:\n  - qemu-guest-agent\n  - curl\n  - wget\n  - vim\n\nruncmd:\n  - systemctl enable qemu-guest-agent\n  - systemctl start qemu-guest-agent\n\n"
          },
          "sensitive_attributes": [],
          "identity_schema_version": 0,
          "private": "bnVsbA==",
          "dependencies": [
            "data.template_file.cp01_userdata"
          ]
        }
      ]
    },
    {
      "mode": "managed",
      "type": "libvirt_cloudinit_disk",
      "name": "worker01_init",
      "provider": "provider[\"registry.terraform.io/dmacvicar/libvirt\"]",
      "instances": [
        {
          "schema_version": 0,
          "attributes": {
            "id": "/kvm-storage/images/worker01-cloudinit.iso;4eb7fbae-95a9-4b9c-854b-fdb7e9978018",
            "meta_data": "",
            "name": "worker01-cloudinit.iso",
            "network_config": "",
            "pool": "default",
            "user_data": "#cloud-config\n\nhostname: worker01\n\nusers:\n  - name: ubuntu\n    groups: sudo\n    sudo: ALL=(ALL) NOPASSWD:ALL\n    shell: /bin/bash\n\n    ssh_authorized_keys:\n      - ssh-ed25519 AAAAC3NzaC1lZDI1NTE5AAAAIHLxV5XUQ0u6wF8DR6KE7KaKBnylO28lZDZ5KjT6lD1/ root@kvmhost.lab.example.com\n\n\npackage_update: true\n\npackages:\n  - qemu-guest-agent\n  - curl\n  - wget\n  - vim\n\nruncmd:\n  - systemctl enable qemu-guest-agent\n  - systemctl start qemu-guest-agent\n\n"
          },
          "sensitive_attributes": [],
          "identity_schema_version": 0,
          "private": "bnVsbA==",
          "dependencies": [
            "data.template_file.worker01_userdata"
          ]
        }
      ]
    },
    {
      "mode": "managed",
      "type": "libvirt_cloudinit_disk",
      "name": "worker02_init",
      "provider": "provider[\"registry.terraform.io/dmacvicar/libvirt\"]",
      "instances": [
        {
          "schema_version": 0,
          "attributes": {
            "id": "/kvm-storage/images/worker02-cloudinit.iso;78b6a43d-7170-45e9-a983-f2a56c6c5400",
            "meta_data": "",
            "name": "worker02-cloudinit.iso",
            "network_config": "",
            "pool": "default",
            "user_data": "#cloud-config\n\nhostname: worker02\n\nusers:\n  - name: ubuntu\n    groups: sudo\n    sudo: ALL=(ALL) NOPASSWD:ALL\n    shell: /bin/bash\n\n    ssh_authorized_keys:\n      - ssh-ed25519 AAAAC3NzaC1lZDI1NTE5AAAAIHLxV5XUQ0u6wF8DR6KE7KaKBnylO28lZDZ5KjT6lD1/ root@kvmhost.lab.example.com\n\n\npackage_update: true\n\npackages:\n  - qemu-guest-agent\n  - curl\n  - wget\n  - vim\n\nruncmd:\n  - systemctl enable qemu-guest-agent\n  - systemctl start qemu-guest-agent\n\n"
          },
          "sensitive_attributes": [],
          "identity_schema_version": 0,
          "private": "bnVsbA==",
          "dependencies": [
            "data.template_file.worker02_userdata"
          ]
        }
      ]
    },
    {
      "mode": "managed",
      "type": "libvirt_domain",
      "name": "cp01",
      "provider": "provider[\"registry.terraform.io/dmacvicar/libvirt\"]",
      "instances": [
        {
          "schema_version": 0,
          "attributes": {
            "arch": "x86_64",
            "autostart": false,
            "boot_device": [],
            "cloudinit": "/kvm-storage/images/cp01-cloudinit.iso;287d3d90-2fb1-4d80-b567-495440b56e49",
            "cmdline": null,
            "console": [
              {
                "source_host": "127.0.0.1",
                "source_path": "",
                "source_service": "0",
                "target_port": "0",
                "target_type": "serial",
                "type": "pty"
              }
            ],
            "coreos_ignition": null,
            "cpu": [
              {
                "mode": "custom"
              }
            ],
            "description": "",
            "disk": [
              {
                "block_device": "",
                "file": "",
                "scsi": false,
                "url": "",
                "volume_id": "/kvm-storage/images/cp01.qcow2",
                "wwn": ""
              }
            ],
            "emulator": "/usr/libexec/qemu-kvm",
            "filesystem": [],
            "firmware": null,
            "fw_cfg_name": "opt/com.coreos/config",
            "graphics": [
              {
                "autoport": true,
                "listen_address": "127.0.0.1",
                "listen_type": "none",
                "type": "vnc",
                "websocket": 0
              }
            ],
            "id": "54f7a39f-2c26-429f-9f62-87f55e86a761",
            "initrd": "",
            "kernel": "",
            "machine": "pc",
            "memory": 3072,
            "metadata": null,
            "name": "cp01",
            "network_interface": [
              {
                "addresses": [
                  "192.168.122.47"
                ],
                "bridge": "",
                "hostname": "",
                "mac": "52:54:00:6A:AC:1E",
                "macvtap": "",
                "network_id": "1836e36e-ce98-4c66-a72e-5369cae3388e",
                "network_name": "default",
                "passthrough": "",
                "vepa": "",
                "wait_for_lease": true
              }
            ],
            "nvram": [],
            "qemu_agent": false,
            "running": true,
            "timeouts": null,
            "tpm": [],
            "type": "kvm",
            "vcpu": 2,
            "video": [
              {
                "type": "virtio"
              }
            ],
            "xml": []
          },
          "sensitive_attributes": [],
          "identity_schema_version": 0,
          "private": "eyJlMmJmYjczMC1lY2FhLTExZTYtOGY4OC0zNDM2M2JjN2M0YzAiOnsiY3JlYXRlIjozMDAwMDAwMDAwMDB9fQ==",
          "dependencies": [
            "data.template_file.cp01_userdata",
            "libvirt_cloudinit_disk.cp01_init",
            "libvirt_volume.cp01_disk",
            "libvirt_volume.ubuntu_base"
          ]
        }
      ]
    },
    {
      "mode": "managed",
      "type": "libvirt_domain",
      "name": "worker01",
      "provider": "provider[\"registry.terraform.io/dmacvicar/libvirt\"]",
      "instances": [
        {
          "schema_version": 0,
          "attributes": {
            "arch": "x86_64",
            "autostart": false,
            "boot_device": [],
            "cloudinit": "/kvm-storage/images/worker01-cloudinit.iso;4eb7fbae-95a9-4b9c-854b-fdb7e9978018",
            "cmdline": null,
            "console": [
              {
                "source_host": "127.0.0.1",
                "source_path": "",
                "source_service": "0",
                "target_port": "0",
                "target_type": "serial",
                "type": "pty"
              }
            ],
            "coreos_ignition": null,
            "cpu": [
              {
                "mode": "custom"
              }
            ],
            "description": "",
            "disk": [
              {
                "block_device": "",
                "file": "",
                "scsi": false,
                "url": "",
                "volume_id": "/kvm-storage/images/worker01.qcow2",
                "wwn": ""
              }
            ],
            "emulator": "/usr/libexec/qemu-kvm",
            "filesystem": [],
            "firmware": null,
            "fw_cfg_name": "opt/com.coreos/config",
            "graphics": [
              {
                "autoport": true,
                "listen_address": "127.0.0.1",
                "listen_type": "none",
                "type": "vnc",
                "websocket": 0
              }
            ],
            "id": "feffa6b3-9070-4d0e-a197-ce27012bf43b",
            "initrd": "",
            "kernel": "",
            "machine": "pc",
            "memory": 2048,
            "metadata": null,
            "name": "worker01",
            "network_interface": [
              {
                "addresses": [
                  "192.168.122.84"
                ],
                "bridge": "",
                "hostname": "",
                "mac": "52:54:00:62:22:E3",
                "macvtap": "",
                "network_id": "1836e36e-ce98-4c66-a72e-5369cae3388e",
                "network_name": "default",
                "passthrough": "",
                "vepa": "",
                "wait_for_lease": true
              }
            ],
            "nvram": [],
            "qemu_agent": false,
            "running": true,
            "timeouts": null,
            "tpm": [],
            "type": "kvm",
            "vcpu": 1,
            "video": [
              {
                "type": "virtio"
              }
            ],
            "xml": []
          },
          "sensitive_attributes": [],
          "identity_schema_version": 0,
          "private": "eyJlMmJmYjczMC1lY2FhLTExZTYtOGY4OC0zNDM2M2JjN2M0YzAiOnsiY3JlYXRlIjozMDAwMDAwMDAwMDB9fQ==",
          "dependencies": [
            "data.template_file.worker01_userdata",
            "libvirt_cloudinit_disk.worker01_init",
            "libvirt_volume.ubuntu_base",
            "libvirt_volume.worker01_disk"
          ]
        }
      ]
    },
    {
      "mode": "managed",
      "type": "libvirt_domain",
      "name": "worker02",
      "provider": "provider[\"registry.terraform.io/dmacvicar/libvirt\"]",
      "instances": [
        {
          "schema_version": 0,
          "attributes": {
            "arch": "x86_64",
            "autostart": false,
            "boot_device": [],
            "cloudinit": "/kvm-storage/images/worker02-cloudinit.iso;78b6a43d-7170-45e9-a983-f2a56c6c5400",
            "cmdline": null,
            "console": [
              {
                "source_host": "127.0.0.1",
                "source_path": "",
                "source_service": "0",
                "target_port": "0",
                "target_type": "serial",
                "type": "pty"
              }
            ],
            "coreos_ignition": null,
            "cpu": [
              {
                "mode": "custom"
              }
            ],
            "description": "",
            "disk": [
              {
                "block_device": "",
                "file": "",
                "scsi": false,
                "url": "",
                "volume_id": "/kvm-storage/images/worker02.qcow2",
                "wwn": ""
              }
            ],
            "emulator": "/usr/libexec/qemu-kvm",
            "filesystem": [],
            "firmware": null,
            "fw_cfg_name": "opt/com.coreos/config",
            "graphics": [
              {
                "autoport": true,
                "listen_address": "127.0.0.1",
                "listen_type": "none",
                "type": "vnc",
                "websocket": 0
              }
            ],
            "id": "1a398faa-73ad-470e-a3ea-b17c84610299",
            "initrd": "",
            "kernel": "",
            "machine": "pc",
            "memory": 2048,
            "metadata": null,
            "name": "worker02",
            "network_interface": [
              {
                "addresses": [
                  "192.168.122.144"
                ],
                "bridge": "",
                "hostname": "",
                "mac": "52:54:00:2E:4E:72",
                "macvtap": "",
                "network_id": "1836e36e-ce98-4c66-a72e-5369cae3388e",
                "network_name": "default",
                "passthrough": "",
                "vepa": "",
                "wait_for_lease": true
              }
            ],
            "nvram": [],
            "qemu_agent": false,
            "running": true,
            "timeouts": null,
            "tpm": [],
            "type": "kvm",
            "vcpu": 1,
            "video": [
              {
                "type": "virtio"
              }
            ],
            "xml": []
          },
          "sensitive_attributes": [],
          "identity_schema_version": 0,
          "private": "eyJlMmJmYjczMC1lY2FhLTExZTYtOGY4OC0zNDM2M2JjN2M0YzAiOnsiY3JlYXRlIjozMDAwMDAwMDAwMDB9fQ==",
          "dependencies": [
            "data.template_file.worker02_userdata",
            "libvirt_cloudinit_disk.worker02_init",
            "libvirt_volume.ubuntu_base",
            "libvirt_volume.worker02_disk"
          ]
        }
      ]
    },
    {
      "mode": "managed",
      "type": "libvirt_volume",
      "name": "cp01_disk",
      "provider": "provider[\"registry.terraform.io/dmacvicar/libvirt\"]",
      "instances": [
        {
          "schema_version": 0,
          "attributes": {
            "base_volume_id": "/kvm-storage/images/ubuntu24-base.qcow2",
            "base_volume_name": null,
            "base_volume_pool": null,
            "format": "qcow2",
            "id": "/kvm-storage/images/cp01.qcow2",
            "name": "cp01.qcow2",
            "pool": "default",
            "size": 21474836480,
            "source": null,
            "xml": []
          },
          "sensitive_attributes": [],
          "identity_schema_version": 0,
          "private": "bnVsbA==",
          "dependencies": [
            "libvirt_volume.ubuntu_base"
          ]
        }
      ]
    },
    {
      "mode": "managed",
      "type": "libvirt_volume",
      "name": "ubuntu_base",
      "provider": "provider[\"registry.terraform.io/dmacvicar/libvirt\"]",
      "instances": [
        {
          "schema_version": 0,
          "attributes": {
            "base_volume_id": null,
            "base_volume_name": null,
            "base_volume_pool": null,
            "format": "qcow2",
            "id": "/kvm-storage/images/ubuntu24-base.qcow2",
            "name": "ubuntu24-base.qcow2",
            "pool": "default",
            "size": 3758096384,
            "source": "/var/lib/libvirt/images/noble-server-cloudimg-amd64.img",
            "xml": []
          },
          "sensitive_attributes": [],
          "identity_schema_version": 0,
          "private": "bnVsbA=="
        }
      ]
    },
    {
      "mode": "managed",
      "type": "libvirt_volume",
      "name": "worker01_disk",
      "provider": "provider[\"registry.terraform.io/dmacvicar/libvirt\"]",
      "instances": [
        {
          "schema_version": 0,
          "attributes": {
            "base_volume_id": "/kvm-storage/images/ubuntu24-base.qcow2",
            "base_volume_name": null,
            "base_volume_pool": null,
            "format": "qcow2",
            "id": "/kvm-storage/images/worker01.qcow2",
            "name": "worker01.qcow2",
            "pool": "default",
            "size": 16106127360,
            "source": null,
            "xml": []
          },
          "sensitive_attributes": [],
          "identity_schema_version": 0,
          "private": "bnVsbA==",
          "dependencies": [
            "libvirt_volume.ubuntu_base"
          ]
        }
      ]
    },
    {
      "mode": "managed",
      "type": "libvirt_volume",
      "name": "worker02_disk",
      "provider": "provider[\"registry.terraform.io/dmacvicar/libvirt\"]",
      "instances": [
        {
          "schema_version": 0,
          "attributes": {
            "base_volume_id": "/kvm-storage/images/ubuntu24-base.qcow2",
            "base_volume_name": null,
            "base_volume_pool": null,
            "format": "qcow2",
            "id": "/kvm-storage/images/worker02.qcow2",
            "name": "worker02.qcow2",
            "pool": "default",
            "size": 16106127360,
            "source": null,
            "xml": []
          },
          "sensitive_attributes": [],
          "identity_schema_version": 0,
          "private": "bnVsbA==",
          "dependencies": [
            "libvirt_volume.ubuntu_base"
          ]
        }
      ]
    }
  ],
  "check_results": null
}
